
Microsoft Visual Studio Solution File, Format Version 12.00
Project("{2150E333-8FDC-42A3-9474-1A3956D46DE8}") = "_Documentation", "_Documentation", "{AAF1B62A-A030-4975-B59C-E43EC58F3D21}"
	ProjectSection(SolutionItems) = preProject
		..\.gitignore = ..\.gitignore
		..\README.md = ..\README.md
		..\LICENSE = ..\LICENSE
		..\.github\ISSUE_TEMPLATE\bug_report.md = ..\.github\ISSUE_TEMPLATE\bug_report.md
		..\.github\ISSUE_TEMPLATE\feature_request.md = ..\.github\ISSUE_TEMPLATE\feature_request.md
	EndProjectSection
EndProject
Project("{2150E333-8FDC-42A3-9474-1A3956D46DE8}") = "Frontend", "Frontend", "{BD60157B-62B3-467F-991D-E7718A7D78E8}"
EndProject
Project("{2150E333-8FDC-42A3-9474-1A3956D46DE8}") = "Backend", "Backend", "{8A0A692F-5E52-4E58-AC90-CDEDF44220DE}"
EndProject
Project("{2150E333-8FDC-42A3-9474-1A3956D46DE8}") = "Shared", "Shared", "{2B090297-6027-4453-93F7-68ED12453651}"
EndProject
Project("{FAE04EC0-301F-11D3-BF4B-00C04F79EFBC}") = "MadWorld.Shared.Contracts", "MadWorld.Shared.Contracts\MadWorld.Shared.Contracts.csproj", "{ED8A1D3F-49F6-43AF-A8F7-AADAC4D7E84C}"
EndProject
Project("{FAE04EC0-301F-11D3-BF4B-00C04F79EFBC}") = "MadWorld.Backend.API.Anonymous", "MadWorld.Backend.API.Anonymous\MadWorld.Backend.API.Anonymous.csproj", "{B9A4985F-7064-4F37-88BA-463E76BC5901}"
EndProject
Project("{FAE04EC0-301F-11D3-BF4B-00C04F79EFBC}") = "MadWorld.Backend.API.Authorized", "MadWorld.Backend.API.Authorized\MadWorld.Backend.API.Authorized.csproj", "{F2870561-4A42-4C2C-8D35-E800D824F075}"
EndProject
Project("{FAE04EC0-301F-11D3-BF4B-00C04F79EFBC}") = "MadWorld.Backend.Application", "MadWorld.Backend.Application\MadWorld.Backend.Application.csproj", "{D9694CFF-535D-402D-ACA8-CDECC448D1BD}"
EndProject
Project("{FAE04EC0-301F-11D3-BF4B-00C04F79EFBC}") = "MadWorld.Backend.Domain", "MadWorld.Backend.Domain\MadWorld.Backend.Domain.csproj", "{2824C5EB-B1D4-4EFC-A392-29DFA9E3F147}"
EndProject
Project("{FAE04EC0-301F-11D3-BF4B-00C04F79EFBC}") = "MadWorld.Backend.Infrastructure", "MadWorld.Backend.Infrastructure\MadWorld.Backend.Infrastructure.csproj", "{F0AD93D8-06A7-4A70-BCFE-4ED1EA6E8077}"
EndProject
Project("{FAE04EC0-301F-11D3-BF4B-00C04F79EFBC}") = "MadWorld.Frontend.Application", "MadWorld.Frontend.Application\MadWorld.Frontend.Application.csproj", "{977956BF-EB39-4441-BDCA-B01EE7752EE0}"
EndProject
Project("{FAE04EC0-301F-11D3-BF4B-00C04F79EFBC}") = "MadWorld.Frontend.Domain", "MadWorld.Frontend.Domain\MadWorld.Frontend.Domain.csproj", "{7ACDDB0E-3A47-42AF-A3B8-089F65A628D2}"
EndProject
Project("{FAE04EC0-301F-11D3-BF4B-00C04F79EFBC}") = "MadWorld.Frontend.Infrastructure", "MadWorld.Frontend.Infrastructure\MadWorld.Frontend.Infrastructure.csproj", "{97EB07E4-1EBD-4B46-8854-82B79E3A2C35}"
EndProject
Project("{2150E333-8FDC-42A3-9474-1A3956D46DE8}") = "Test", "Test", "{5470C4F1-9CEA-4F86-8041-64C444941FDA}"
EndProject
Project("{2150E333-8FDC-42A3-9474-1A3956D46DE8}") = "_Release", "_Release", "{FFF8F55E-B978-4609-AB68-7F5D69B090B7}"
EndProject
Project("{2150E333-8FDC-42A3-9474-1A3956D46DE8}") = "Pipeline", "Pipeline", "{EA3FF6D8-DF02-4F51-81A4-283266B9A3C8}"
	ProjectSection(SolutionItems) = preProject
		..\.github\workflows\azure-resources.yml = ..\.github\workflows\azure-resources.yml
		..\.github\workflows\azure-frontend-suite-ui.yml = ..\.github\workflows\azure-frontend-suite-ui.yml
		..\.github\workflows\azure-frontend-admin-ui.yml = ..\.github\workflows\azure-frontend-admin-ui.yml
		..\.github\workflows\azure-api-anonymous.yml = ..\.github\workflows\azure-api-anonymous.yml
		..\.github\workflows\azure-api-authorized.yml = ..\.github\workflows\azure-api-authorized.yml
		..\.github\workflows\sonarqube.yml = ..\.github\workflows\sonarqube.yml
	EndProjectSection
EndProject
Project("{2150E333-8FDC-42A3-9474-1A3956D46DE8}") = "Resource", "Resource", "{05E8DF98-37BA-4B69-A551-27C04A507138}"
	ProjectSection(SolutionItems) = preProject
		..\Resources\static-site.bicep = ..\Resources\static-site.bicep
		..\Resources\suite-uis.bicep = ..\Resources\suite-uis.bicep
		..\Resources\main.bicep = ..\Resources\main.bicep
		..\Resources\storage.bicep = ..\Resources\storage.bicep
		..\Resources\suite-apis.bicep = ..\Resources\suite-apis.bicep
		..\Resources\azure-function.bicep = ..\Resources\azure-function.bicep
		..\Resources\ApiManagement\azure-api-management.bicep = ..\Resources\ApiManagement\azure-api-management.bicep
		..\Resources\ApiManagement\api-endpoints-anonymous.bicep = ..\Resources\ApiManagement\api-endpoints-anonymous.bicep
		..\Resources\ApiManagement\api-endpoints-authorized.bicep = ..\Resources\ApiManagement\api-endpoints-authorized.bicep
		..\Resources\application-insight.bicep = ..\Resources\application-insight.bicep
		..\Resources\application-insights-smart-detection.bicep = ..\Resources\application-insights-smart-detection.bicep
		..\Resources\health-check.bicep = ..\Resources\health-check.bicep
		..\Resources\failure-anomalies.bicep = ..\Resources\failure-anomalies.bicep
		..\Resources\key-vault.bicep = ..\Resources\key-vault.bicep
		..\Resources\managed-identity.bicep = ..\Resources\managed-identity.bicep
	EndProjectSection
EndProject
Project("{FAE04EC0-301F-11D3-BF4B-00C04F79EFBC}") = "MadWorld.Frontend.UI.Admin", "MadWorld.Frontend.UI.Admin\MadWorld.Frontend.UI.Admin.csproj", "{E2D9CC7C-986D-492C-9895-176AE998CCE2}"
EndProject
Project("{FAE04EC0-301F-11D3-BF4B-00C04F79EFBC}") = "MadWorld.Frontend.UI.Suite", "MadWorld.Frontend.UI.Suite\MadWorld.Frontend.UI.Suite.csproj", "{5E7F586B-9663-45F8-A738-E70770C15039}"
EndProject
Project("{2150E333-8FDC-42A3-9474-1A3956D46DE8}") = "Policy", "Policy", "{94EEDFAB-C57F-428E-9D93-B969DF43CD64}"
	ProjectSection(SolutionItems) = preProject
		..\Resources\ApiManagement\Policy\GeneralApi.xml = ..\Resources\ApiManagement\Policy\GeneralApi.xml
	EndProjectSection
EndProject
Project("{2150E333-8FDC-42A3-9474-1A3956D46DE8}") = "Anonymous", "Anonymous", "{9728C46C-6BA4-464C-854D-35DF4AB8DD82}"
	ProjectSection(SolutionItems) = preProject
		..\Resources\ApiManagement\Policy\Anonymous\GetPing.xml = ..\Resources\ApiManagement\Policy\Anonymous\GetPing.xml
		..\Resources\ApiManagement\Policy\Anonymous\PostPing.xml = ..\Resources\ApiManagement\Policy\Anonymous\PostPing.xml
	EndProjectSection
EndProject
Project("{2150E333-8FDC-42A3-9474-1A3956D46DE8}") = "Authorized", "Authorized", "{34F6120D-D799-4AAA-9413-A2011E639622}"
	ProjectSection(SolutionItems) = preProject
		..\Resources\ApiManagement\Policy\Authorized\GetPing.xml = ..\Resources\ApiManagement\Policy\Authorized\GetPing.xml
		..\Resources\ApiManagement\Policy\Authorized\PostPing.xml = ..\Resources\ApiManagement\Policy\Authorized\PostPing.xml
	EndProjectSection
EndProject
Project("{FAE04EC0-301F-11D3-BF4B-00C04F79EFBC}") = "MadWorld.Frontend.UI.Shared", "MadWorld.Frontend.UI.Shared\MadWorld.Frontend.UI.Shared.csproj", "{A9C4BA2D-8725-4842-A30B-8133BB9471E1}"
EndProject
Project("{2150E333-8FDC-42A3-9474-1A3956D46DE8}") = "_Solution", "_Solution", "{E533A454-4920-44D9-B156-B9129960D5B3}"
	ProjectSection(SolutionItems) = preProject
		Directory.Build.props = Directory.Build.props
		Directory.Packages.props = Directory.Packages.props
		Team.DotSettings = Team.DotSettings
	EndProjectSection
EndProject
Project("{FAE04EC0-301F-11D3-BF4B-00C04F79EFBC}") = "MadWorld.Backend.API.Shared", "MadWorld.Backend.API.Shared\MadWorld.Backend.API.Shared.csproj", "{30EFFBF7-A070-4184-A36E-CB47FDDB5E6E}"
EndProject
Project("{2150E333-8FDC-42A3-9474-1A3956D46DE8}") = "Unittest", "Unittest", "{51128A36-38DE-4D35-AB4D-947C3389AF60}"
EndProject
Project("{2150E333-8FDC-42A3-9474-1A3956D46DE8}") = "Backend", "Backend", "{DF837823-254A-44E6-9F46-133C31114CE5}"
EndProject
Project("{FAE04EC0-301F-11D3-BF4B-00C04F79EFBC}") = "MadWorld.Backend.Api.Shared.Unittests", "MadWorld.Backend.Api.Shared.Unittests\MadWorld.Backend.Api.Shared.Unittests.csproj", "{FB4F12DB-B280-4E90-A118-4017660DB920}"
EndProject
Project("{FAE04EC0-301F-11D3-BF4B-00C04F79EFBC}") = "MadWorld.Unittests", "MadWorld.Unittests\MadWorld.Unittests.csproj", "{5066AF17-6CA2-42FE-8DD0-EC218AF13E94}"
EndProject
Project("{FAE04EC0-301F-11D3-BF4B-00C04F79EFBC}") = "MadWorld.Backend.Infrastructure.Unittests", "MadWorld.Backend.Infrastructure.Unittests\MadWorld.Backend.Infrastructure.Unittests.csproj", "{8A8864D1-0552-4316-B89A-E36D2405B576}"
EndProject
Project("{2150E333-8FDC-42A3-9474-1A3956D46DE8}") = "IntegrationTest", "IntegrationTest", "{8BBC9D54-C485-4FD7-99C4-0747D2837C71}"
EndProject
Project("{2150E333-8FDC-42A3-9474-1A3956D46DE8}") = "Backend", "Backend", "{8C80B0AB-2F22-4B9D-90D9-59C4D4E7A204}"
EndProject
Project("{FAE04EC0-301F-11D3-BF4B-00C04F79EFBC}") = "MadWorld.Backend.Api.Authorized.IntegrationTests", "MadWorld.Backend.Api.Authorized.IntegrationTests\MadWorld.Backend.Api.Authorized.IntegrationTests.csproj", "{3431DEF0-F5DE-4A4F-BD0D-922183AA8EAD}"
EndProject
Project("{FAE04EC0-301F-11D3-BF4B-00C04F79EFBC}") = "MadWorld.IntegrationTests", "MadWorld.IntegrationTests\MadWorld.IntegrationTests.csproj", "{007B873B-EADD-4FFE-897B-8BA0D26C2F72}"
EndProject
Project("{FAE04EC0-301F-11D3-BF4B-00C04F79EFBC}") = "MadWorld.Backend.Api.Anonymous.IntegrationTests", "MadWorld.Backend.Api.Anonymous.IntegrationTests\MadWorld.Backend.Api.Anonymous.IntegrationTests.csproj", "{9D9E3CAE-DA4D-4FEB-BFA7-A14EF5BE9F07}"
EndProject
Project("{2150E333-8FDC-42A3-9474-1A3956D46DE8}") = "Frontend", "Frontend", "{C3BA6B58-C4C3-411C-95A2-A66B1EA682AF}"
EndProject
Project("{FAE04EC0-301F-11D3-BF4B-00C04F79EFBC}") = "MadWorld.Frontend.UI.Admin.Integrations", "MadWorld.Frontend.UI.Admin.Integrations\MadWorld.Frontend.UI.Admin.Integrations.csproj", "{00E588A9-3052-4DB5-8742-D673D397760C}"
EndProject
Project("{FAE04EC0-301F-11D3-BF4B-00C04F79EFBC}") = "MadWorld.Backend.Domain.Unittests", "MadWorld.Backend.Domain.Unittests\MadWorld.Backend.Domain.Unittests.csproj", "{F28F0DEE-738E-499B-8234-6034C891B155}"
EndProject
Project("{2150E333-8FDC-42A3-9474-1A3956D46DE8}") = "ArchitectureTest", "ArchitectureTest", "{67EF329C-BD74-4980-854A-624B3CC41864}"
EndProject
Project("{FAE04EC0-301F-11D3-BF4B-00C04F79EFBC}") = "MadWorld.Backend.Architecture.Tests", "MadWorld.Backend.Architecture.Tests\MadWorld.Backend.Architecture.Tests.csproj", "{9F93E72F-BB54-4779-8C70-805704302C46}"
EndProject
Global
	GlobalSection(SolutionConfigurationPlatforms) = preSolution
		Debug|Any CPU = Debug|Any CPU
		Release|Any CPU = Release|Any CPU
	EndGlobalSection
	GlobalSection(NestedProjects) = preSolution
		{ED8A1D3F-49F6-43AF-A8F7-AADAC4D7E84C} = {2B090297-6027-4453-93F7-68ED12453651}
		{B9A4985F-7064-4F37-88BA-463E76BC5901} = {8A0A692F-5E52-4E58-AC90-CDEDF44220DE}
		{F2870561-4A42-4C2C-8D35-E800D824F075} = {8A0A692F-5E52-4E58-AC90-CDEDF44220DE}
		{D9694CFF-535D-402D-ACA8-CDECC448D1BD} = {8A0A692F-5E52-4E58-AC90-CDEDF44220DE}
		{2824C5EB-B1D4-4EFC-A392-29DFA9E3F147} = {8A0A692F-5E52-4E58-AC90-CDEDF44220DE}
		{F0AD93D8-06A7-4A70-BCFE-4ED1EA6E8077} = {8A0A692F-5E52-4E58-AC90-CDEDF44220DE}
		{977956BF-EB39-4441-BDCA-B01EE7752EE0} = {BD60157B-62B3-467F-991D-E7718A7D78E8}
		{7ACDDB0E-3A47-42AF-A3B8-089F65A628D2} = {BD60157B-62B3-467F-991D-E7718A7D78E8}
		{97EB07E4-1EBD-4B46-8854-82B79E3A2C35} = {BD60157B-62B3-467F-991D-E7718A7D78E8}
		{EA3FF6D8-DF02-4F51-81A4-283266B9A3C8} = {FFF8F55E-B978-4609-AB68-7F5D69B090B7}
		{05E8DF98-37BA-4B69-A551-27C04A507138} = {FFF8F55E-B978-4609-AB68-7F5D69B090B7}
		{E2D9CC7C-986D-492C-9895-176AE998CCE2} = {BD60157B-62B3-467F-991D-E7718A7D78E8}
		{5E7F586B-9663-45F8-A738-E70770C15039} = {BD60157B-62B3-467F-991D-E7718A7D78E8}
		{94EEDFAB-C57F-428E-9D93-B969DF43CD64} = {05E8DF98-37BA-4B69-A551-27C04A507138}
		{9728C46C-6BA4-464C-854D-35DF4AB8DD82} = {94EEDFAB-C57F-428E-9D93-B969DF43CD64}
		{34F6120D-D799-4AAA-9413-A2011E639622} = {94EEDFAB-C57F-428E-9D93-B969DF43CD64}
		{A9C4BA2D-8725-4842-A30B-8133BB9471E1} = {BD60157B-62B3-467F-991D-E7718A7D78E8}
		{30EFFBF7-A070-4184-A36E-CB47FDDB5E6E} = {8A0A692F-5E52-4E58-AC90-CDEDF44220DE}
		{51128A36-38DE-4D35-AB4D-947C3389AF60} = {5470C4F1-9CEA-4F86-8041-64C444941FDA}
		{DF837823-254A-44E6-9F46-133C31114CE5} = {51128A36-38DE-4D35-AB4D-947C3389AF60}
		{FB4F12DB-B280-4E90-A118-4017660DB920} = {DF837823-254A-44E6-9F46-133C31114CE5}
		{5066AF17-6CA2-42FE-8DD0-EC218AF13E94} = {51128A36-38DE-4D35-AB4D-947C3389AF60}
		{8A8864D1-0552-4316-B89A-E36D2405B576} = {DF837823-254A-44E6-9F46-133C31114CE5}
		{8BBC9D54-C485-4FD7-99C4-0747D2837C71} = {5470C4F1-9CEA-4F86-8041-64C444941FDA}
		{8C80B0AB-2F22-4B9D-90D9-59C4D4E7A204} = {8BBC9D54-C485-4FD7-99C4-0747D2837C71}
		{3431DEF0-F5DE-4A4F-BD0D-922183AA8EAD} = {8C80B0AB-2F22-4B9D-90D9-59C4D4E7A204}
		{007B873B-EADD-4FFE-897B-8BA0D26C2F72} = {8BBC9D54-C485-4FD7-99C4-0747D2837C71}
		{9D9E3CAE-DA4D-4FEB-BFA7-A14EF5BE9F07} = {8C80B0AB-2F22-4B9D-90D9-59C4D4E7A204}
		{C3BA6B58-C4C3-411C-95A2-A66B1EA682AF} = {8BBC9D54-C485-4FD7-99C4-0747D2837C71}
		{00E588A9-3052-4DB5-8742-D673D397760C} = {C3BA6B58-C4C3-411C-95A2-A66B1EA682AF}
		{F28F0DEE-738E-499B-8234-6034C891B155} = {DF837823-254A-44E6-9F46-133C31114CE5}
		{67EF329C-BD74-4980-854A-624B3CC41864} = {5470C4F1-9CEA-4F86-8041-64C444941FDA}
		{9F93E72F-BB54-4779-8C70-805704302C46} = {67EF329C-BD74-4980-854A-624B3CC41864}
	EndGlobalSection
	GlobalSection(ProjectConfigurationPlatforms) = postSolution
		{ED8A1D3F-49F6-43AF-A8F7-AADAC4D7E84C}.Debug|Any CPU.ActiveCfg = Debug|Any CPU
		{ED8A1D3F-49F6-43AF-A8F7-AADAC4D7E84C}.Debug|Any CPU.Build.0 = Debug|Any CPU
		{ED8A1D3F-49F6-43AF-A8F7-AADAC4D7E84C}.Release|Any CPU.ActiveCfg = Release|Any CPU
		{ED8A1D3F-49F6-43AF-A8F7-AADAC4D7E84C}.Release|Any CPU.Build.0 = Release|Any CPU
		{B9A4985F-7064-4F37-88BA-463E76BC5901}.Debug|Any CPU.ActiveCfg = Debug|Any CPU
		{B9A4985F-7064-4F37-88BA-463E76BC5901}.Debug|Any CPU.Build.0 = Debug|Any CPU
		{B9A4985F-7064-4F37-88BA-463E76BC5901}.Release|Any CPU.ActiveCfg = Release|Any CPU
		{B9A4985F-7064-4F37-88BA-463E76BC5901}.Release|Any CPU.Build.0 = Release|Any CPU
		{F2870561-4A42-4C2C-8D35-E800D824F075}.Debug|Any CPU.ActiveCfg = Debug|Any CPU
		{F2870561-4A42-4C2C-8D35-E800D824F075}.Debug|Any CPU.Build.0 = Debug|Any CPU
		{F2870561-4A42-4C2C-8D35-E800D824F075}.Release|Any CPU.ActiveCfg = Release|Any CPU
		{F2870561-4A42-4C2C-8D35-E800D824F075}.Release|Any CPU.Build.0 = Release|Any CPU
		{D9694CFF-535D-402D-ACA8-CDECC448D1BD}.Debug|Any CPU.ActiveCfg = Debug|Any CPU
		{D9694CFF-535D-402D-ACA8-CDECC448D1BD}.Debug|Any CPU.Build.0 = Debug|Any CPU
		{D9694CFF-535D-402D-ACA8-CDECC448D1BD}.Release|Any CPU.ActiveCfg = Release|Any CPU
		{D9694CFF-535D-402D-ACA8-CDECC448D1BD}.Release|Any CPU.Build.0 = Release|Any CPU
		{2824C5EB-B1D4-4EFC-A392-29DFA9E3F147}.Debug|Any CPU.ActiveCfg = Debug|Any CPU
		{2824C5EB-B1D4-4EFC-A392-29DFA9E3F147}.Debug|Any CPU.Build.0 = Debug|Any CPU
		{2824C5EB-B1D4-4EFC-A392-29DFA9E3F147}.Release|Any CPU.ActiveCfg = Release|Any CPU
		{2824C5EB-B1D4-4EFC-A392-29DFA9E3F147}.Release|Any CPU.Build.0 = Release|Any CPU
		{F0AD93D8-06A7-4A70-BCFE-4ED1EA6E8077}.Debug|Any CPU.ActiveCfg = Debug|Any CPU
		{F0AD93D8-06A7-4A70-BCFE-4ED1EA6E8077}.Debug|Any CPU.Build.0 = Debug|Any CPU
		{F0AD93D8-06A7-4A70-BCFE-4ED1EA6E8077}.Release|Any CPU.ActiveCfg = Release|Any CPU
		{F0AD93D8-06A7-4A70-BCFE-4ED1EA6E8077}.Release|Any CPU.Build.0 = Release|Any CPU
		{977956BF-EB39-4441-BDCA-B01EE7752EE0}.Debug|Any CPU.ActiveCfg = Debug|Any CPU
		{977956BF-EB39-4441-BDCA-B01EE7752EE0}.Debug|Any CPU.Build.0 = Debug|Any CPU
		{977956BF-EB39-4441-BDCA-B01EE7752EE0}.Release|Any CPU.ActiveCfg = Release|Any CPU
		{977956BF-EB39-4441-BDCA-B01EE7752EE0}.Release|Any CPU.Build.0 = Release|Any CPU
		{7ACDDB0E-3A47-42AF-A3B8-089F65A628D2}.Debug|Any CPU.ActiveCfg = Debug|Any CPU
		{7ACDDB0E-3A47-42AF-A3B8-089F65A628D2}.Debug|Any CPU.Build.0 = Debug|Any CPU
		{7ACDDB0E-3A47-42AF-A3B8-089F65A628D2}.Release|Any CPU.ActiveCfg = Release|Any CPU
		{7ACDDB0E-3A47-42AF-A3B8-089F65A628D2}.Release|Any CPU.Build.0 = Release|Any CPU
		{97EB07E4-1EBD-4B46-8854-82B79E3A2C35}.Debug|Any CPU.ActiveCfg = Debug|Any CPU
		{97EB07E4-1EBD-4B46-8854-82B79E3A2C35}.Debug|Any CPU.Build.0 = Debug|Any CPU
		{97EB07E4-1EBD-4B46-8854-82B79E3A2C35}.Release|Any CPU.ActiveCfg = Release|Any CPU
		{97EB07E4-1EBD-4B46-8854-82B79E3A2C35}.Release|Any CPU.Build.0 = Release|Any CPU
		{E2D9CC7C-986D-492C-9895-176AE998CCE2}.Debug|Any CPU.ActiveCfg = Debug|Any CPU
		{E2D9CC7C-986D-492C-9895-176AE998CCE2}.Debug|Any CPU.Build.0 = Debug|Any CPU
		{E2D9CC7C-986D-492C-9895-176AE998CCE2}.Release|Any CPU.ActiveCfg = Release|Any CPU
		{E2D9CC7C-986D-492C-9895-176AE998CCE2}.Release|Any CPU.Build.0 = Release|Any CPU
		{5E7F586B-9663-45F8-A738-E70770C15039}.Debug|Any CPU.ActiveCfg = Debug|Any CPU
		{5E7F586B-9663-45F8-A738-E70770C15039}.Debug|Any CPU.Build.0 = Debug|Any CPU
		{5E7F586B-9663-45F8-A738-E70770C15039}.Release|Any CPU.ActiveCfg = Release|Any CPU
		{5E7F586B-9663-45F8-A738-E70770C15039}.Release|Any CPU.Build.0 = Release|Any CPU
		{A9C4BA2D-8725-4842-A30B-8133BB9471E1}.Debug|Any CPU.ActiveCfg = Debug|Any CPU
		{A9C4BA2D-8725-4842-A30B-8133BB9471E1}.Debug|Any CPU.Build.0 = Debug|Any CPU
		{A9C4BA2D-8725-4842-A30B-8133BB9471E1}.Release|Any CPU.ActiveCfg = Release|Any CPU
		{A9C4BA2D-8725-4842-A30B-8133BB9471E1}.Release|Any CPU.Build.0 = Release|Any CPU
		{30EFFBF7-A070-4184-A36E-CB47FDDB5E6E}.Debug|Any CPU.ActiveCfg = Debug|Any CPU
		{30EFFBF7-A070-4184-A36E-CB47FDDB5E6E}.Debug|Any CPU.Build.0 = Debug|Any CPU
		{30EFFBF7-A070-4184-A36E-CB47FDDB5E6E}.Release|Any CPU.ActiveCfg = Release|Any CPU
		{30EFFBF7-A070-4184-A36E-CB47FDDB5E6E}.Release|Any CPU.Build.0 = Release|Any CPU
		{FB4F12DB-B280-4E90-A118-4017660DB920}.Debug|Any CPU.ActiveCfg = Debug|Any CPU
		{FB4F12DB-B280-4E90-A118-4017660DB920}.Debug|Any CPU.Build.0 = Debug|Any CPU
		{FB4F12DB-B280-4E90-A118-4017660DB920}.Release|Any CPU.ActiveCfg = Release|Any CPU
		{FB4F12DB-B280-4E90-A118-4017660DB920}.Release|Any CPU.Build.0 = Release|Any CPU
		{5066AF17-6CA2-42FE-8DD0-EC218AF13E94}.Debug|Any CPU.ActiveCfg = Debug|Any CPU
		{5066AF17-6CA2-42FE-8DD0-EC218AF13E94}.Debug|Any CPU.Build.0 = Debug|Any CPU
		{5066AF17-6CA2-42FE-8DD0-EC218AF13E94}.Release|Any CPU.ActiveCfg = Release|Any CPU
		{5066AF17-6CA2-42FE-8DD0-EC218AF13E94}.Release|Any CPU.Build.0 = Release|Any CPU
		{8A8864D1-0552-4316-B89A-E36D2405B576}.Debug|Any CPU.ActiveCfg = Debug|Any CPU
		{8A8864D1-0552-4316-B89A-E36D2405B576}.Debug|Any CPU.Build.0 = Debug|Any CPU
		{8A8864D1-0552-4316-B89A-E36D2405B576}.Release|Any CPU.ActiveCfg = Release|Any CPU
		{8A8864D1-0552-4316-B89A-E36D2405B576}.Release|Any CPU.Build.0 = Release|Any CPU
		{3431DEF0-F5DE-4A4F-BD0D-922183AA8EAD}.Debug|Any CPU.ActiveCfg = Debug|Any CPU
		{3431DEF0-F5DE-4A4F-BD0D-922183AA8EAD}.Debug|Any CPU.Build.0 = Debug|Any CPU
		{3431DEF0-F5DE-4A4F-BD0D-922183AA8EAD}.Release|Any CPU.ActiveCfg = Release|Any CPU
		{3431DEF0-F5DE-4A4F-BD0D-922183AA8EAD}.Release|Any CPU.Build.0 = Release|Any CPU
		{007B873B-EADD-4FFE-897B-8BA0D26C2F72}.Debug|Any CPU.ActiveCfg = Debug|Any CPU
		{007B873B-EADD-4FFE-897B-8BA0D26C2F72}.Debug|Any CPU.Build.0 = Debug|Any CPU
		{007B873B-EADD-4FFE-897B-8BA0D26C2F72}.Release|Any CPU.ActiveCfg = Release|Any CPU
		{007B873B-EADD-4FFE-897B-8BA0D26C2F72}.Release|Any CPU.Build.0 = Release|Any CPU
		{9D9E3CAE-DA4D-4FEB-BFA7-A14EF5BE9F07}.Debug|Any CPU.ActiveCfg = Debug|Any CPU
		{9D9E3CAE-DA4D-4FEB-BFA7-A14EF5BE9F07}.Debug|Any CPU.Build.0 = Debug|Any CPU
		{9D9E3CAE-DA4D-4FEB-BFA7-A14EF5BE9F07}.Release|Any CPU.ActiveCfg = Release|Any CPU
		{9D9E3CAE-DA4D-4FEB-BFA7-A14EF5BE9F07}.Release|Any CPU.Build.0 = Release|Any CPU
		{00E588A9-3052-4DB5-8742-D673D397760C}.Debug|Any CPU.ActiveCfg = Debug|Any CPU
		{00E588A9-3052-4DB5-8742-D673D397760C}.Debug|Any CPU.Build.0 = Debug|Any CPU
		{00E588A9-3052-4DB5-8742-D673D397760C}.Release|Any CPU.ActiveCfg = Release|Any CPU
		{00E588A9-3052-4DB5-8742-D673D397760C}.Release|Any CPU.Build.0 = Release|Any CPU
		{F28F0DEE-738E-499B-8234-6034C891B155}.Debug|Any CPU.ActiveCfg = Debug|Any CPU
		{F28F0DEE-738E-499B-8234-6034C891B155}.Debug|Any CPU.Build.0 = Debug|Any CPU
		{F28F0DEE-738E-499B-8234-6034C891B155}.Release|Any CPU.ActiveCfg = Release|Any CPU
		{F28F0DEE-738E-499B-8234-6034C891B155}.Release|Any CPU.Build.0 = Release|Any CPU
		{9F93E72F-BB54-4779-8C70-805704302C46}.Debug|Any CPU.ActiveCfg = Debug|Any CPU
		{9F93E72F-BB54-4779-8C70-805704302C46}.Debug|Any CPU.Build.0 = Debug|Any CPU
		{9F93E72F-BB54-4779-8C70-805704302C46}.Release|Any CPU.ActiveCfg = Release|Any CPU
		{9F93E72F-BB54-4779-8C70-805704302C46}.Release|Any CPU.Build.0 = Release|Any CPU
	EndGlobalSection
EndGlobal
