
Microsoft Visual Studio Solution File, Format Version 12.00
Project("{2150E333-8FDC-42A3-9474-1A3956D46DE8}") = "_Documentation", "_Documentation", "{AAF1B62A-A030-4975-B59C-E43EC58F3D21}"
	ProjectSection(SolutionItems) = preProject
		..\.gitignore = ..\.gitignore
		..\README.md = ..\README.md
		..\LICENSE = ..\LICENSE
	EndProjectSection
EndProject
Project("{2150E333-8FDC-42A3-9474-1A3956D46DE8}") = "Frontend", "Frontend", "{BD60157B-62B3-467F-991D-E7718A7D78E8}"
EndProject
Project("{2150E333-8FDC-42A3-9474-1A3956D46DE8}") = "Backend", "Backend", "{8A0A692F-5E52-4E58-AC90-CDEDF44220DE}"
EndProject
Project("{2150E333-8FDC-42A3-9474-1A3956D46DE8}") = "Shared", "Shared", "{2B090297-6027-4453-93F7-68ED12453651}"
EndProject
Project("{FAE04EC0-301F-11D3-BF4B-00C04F79EFBC}") = "MadWorld.Shared.Contracts", "MadWorld.Shared.Contracts\MadWorld.Shared.Contracts.csproj", "{ED8A1D3F-49F6-43AF-A8F7-AADAC4D7E84C}"
EndProject
Project("{FAE04EC0-301F-11D3-BF4B-00C04F79EFBC}") = "MadWorld.Backend.API.Anonymous", "MadWorld.Backend.API.Anonymous\MadWorld.Backend.API.Anonymous.csproj", "{B9A4985F-7064-4F37-88BA-463E76BC5901}"
EndProject
Project("{FAE04EC0-301F-11D3-BF4B-00C04F79EFBC}") = "MadWorld.Backend.API.Authorized", "MadWorld.Backend.API.Authorized\MadWorld.Backend.API.Authorized.csproj", "{F2870561-4A42-4C2C-8D35-E800D824F075}"
EndProject
Project("{FAE04EC0-301F-11D3-BF4B-00C04F79EFBC}") = "MadWorld.Backend.Application", "MadWorld.Backend.Application\MadWorld.Backend.Application.csproj", "{D9694CFF-535D-402D-ACA8-CDECC448D1BD}"
EndProject
Project("{FAE04EC0-301F-11D3-BF4B-00C04F79EFBC}") = "MadWorld.Backend.Domain", "MadWorld.Backend.Domain\MadWorld.Backend.Domain.csproj", "{2824C5EB-B1D4-4EFC-A392-29DFA9E3F147}"
EndProject
Project("{FAE04EC0-301F-11D3-BF4B-00C04F79EFBC}") = "MadWorld.Backend.Infrastructure", "MadWorld.Backend.Infrastructure\MadWorld.Backend.Infrastructure.csproj", "{F0AD93D8-06A7-4A70-BCFE-4ED1EA6E8077}"
EndProject
Project("{FAE04EC0-301F-11D3-BF4B-00C04F79EFBC}") = "MadWorld.Frontend.Application", "MadWorld.Frontend.Application\MadWorld.Frontend.Application.csproj", "{977956BF-EB39-4441-BDCA-B01EE7752EE0}"
EndProject
Project("{FAE04EC0-301F-11D3-BF4B-00C04F79EFBC}") = "MadWorld.Frontend.Domain", "MadWorld.Frontend.Domain\MadWorld.Frontend.Domain.csproj", "{7ACDDB0E-3A47-42AF-A3B8-089F65A628D2}"
EndProject
Project("{FAE04EC0-301F-11D3-BF4B-00C04F79EFBC}") = "MadWorld.Frontend.Infrastructure", "MadWorld.Frontend.Infrastructure\MadWorld.Frontend.Infrastructure.csproj", "{97EB07E4-1EBD-4B46-8854-82B79E3A2C35}"
EndProject
Project("{2150E333-8FDC-42A3-9474-1A3956D46DE8}") = "Test", "Test", "{5470C4F1-9CEA-4F86-8041-64C444941FDA}"
EndProject
Project("{2150E333-8FDC-42A3-9474-1A3956D46DE8}") = "_Release", "_Release", "{FFF8F55E-B978-4609-AB68-7F5D69B090B7}"
EndProject
Project("{2150E333-8FDC-42A3-9474-1A3956D46DE8}") = "Pipeline", "Pipeline", "{EA3FF6D8-DF02-4F51-81A4-283266B9A3C8}"
	ProjectSection(SolutionItems) = preProject
		..\.github\workflows\azure-resources.yml = ..\.github\workflows\azure-resources.yml
		..\.github\workflows\azure-frontend-suite-ui.yml = ..\.github\workflows\azure-frontend-suite-ui.yml
		..\.github\workflows\azure-frontend-admin-ui.yml = ..\.github\workflows\azure-frontend-admin-ui.yml
		..\.github\workflows\azure-api-anonymous.yml = ..\.github\workflows\azure-api-anonymous.yml
	EndProjectSection
EndProject
Project("{2150E333-8FDC-42A3-9474-1A3956D46DE8}") = "Resource", "Resource", "{05E8DF98-37BA-4B69-A551-27C04A507138}"
	ProjectSection(SolutionItems) = preProject
		..\Resources\static-site.bicep = ..\Resources\static-site.bicep
		..\Resources\suite-uis.bicep = ..\Resources\suite-uis.bicep
		..\Resources\main.bicep = ..\Resources\main.bicep
	EndProjectSection
EndProject
Project("{FAE04EC0-301F-11D3-BF4B-00C04F79EFBC}") = "MadWorld.Frontend.UI.Admin", "MadWorld.Frontend.UI.Admin\MadWorld.Frontend.UI.Admin.csproj", "{E2D9CC7C-986D-492C-9895-176AE998CCE2}"
EndProject
Project("{FAE04EC0-301F-11D3-BF4B-00C04F79EFBC}") = "MadWorld.Frontend.UI.Suite", "MadWorld.Frontend.UI.Suite\MadWorld.Frontend.UI.Suite.csproj", "{5E7F586B-9663-45F8-A738-E70770C15039}"
EndProject
Global
	GlobalSection(SolutionConfigurationPlatforms) = preSolution
		Debug|Any CPU = Debug|Any CPU
		Release|Any CPU = Release|Any CPU
	EndGlobalSection
	GlobalSection(NestedProjects) = preSolution
		{ED8A1D3F-49F6-43AF-A8F7-AADAC4D7E84C} = {2B090297-6027-4453-93F7-68ED12453651}
		{B9A4985F-7064-4F37-88BA-463E76BC5901} = {8A0A692F-5E52-4E58-AC90-CDEDF44220DE}
		{F2870561-4A42-4C2C-8D35-E800D824F075} = {8A0A692F-5E52-4E58-AC90-CDEDF44220DE}
		{D9694CFF-535D-402D-ACA8-CDECC448D1BD} = {8A0A692F-5E52-4E58-AC90-CDEDF44220DE}
		{2824C5EB-B1D4-4EFC-A392-29DFA9E3F147} = {8A0A692F-5E52-4E58-AC90-CDEDF44220DE}
		{F0AD93D8-06A7-4A70-BCFE-4ED1EA6E8077} = {8A0A692F-5E52-4E58-AC90-CDEDF44220DE}
		{977956BF-EB39-4441-BDCA-B01EE7752EE0} = {BD60157B-62B3-467F-991D-E7718A7D78E8}
		{7ACDDB0E-3A47-42AF-A3B8-089F65A628D2} = {BD60157B-62B3-467F-991D-E7718A7D78E8}
		{97EB07E4-1EBD-4B46-8854-82B79E3A2C35} = {BD60157B-62B3-467F-991D-E7718A7D78E8}
		{EA3FF6D8-DF02-4F51-81A4-283266B9A3C8} = {FFF8F55E-B978-4609-AB68-7F5D69B090B7}
		{05E8DF98-37BA-4B69-A551-27C04A507138} = {FFF8F55E-B978-4609-AB68-7F5D69B090B7}
		{E2D9CC7C-986D-492C-9895-176AE998CCE2} = {BD60157B-62B3-467F-991D-E7718A7D78E8}
		{5E7F586B-9663-45F8-A738-E70770C15039} = {BD60157B-62B3-467F-991D-E7718A7D78E8}
	EndGlobalSection
	GlobalSection(ProjectConfigurationPlatforms) = postSolution
		{ED8A1D3F-49F6-43AF-A8F7-AADAC4D7E84C}.Debug|Any CPU.ActiveCfg = Debug|Any CPU
		{ED8A1D3F-49F6-43AF-A8F7-AADAC4D7E84C}.Debug|Any CPU.Build.0 = Debug|Any CPU
		{ED8A1D3F-49F6-43AF-A8F7-AADAC4D7E84C}.Release|Any CPU.ActiveCfg = Release|Any CPU
		{ED8A1D3F-49F6-43AF-A8F7-AADAC4D7E84C}.Release|Any CPU.Build.0 = Release|Any CPU
		{B9A4985F-7064-4F37-88BA-463E76BC5901}.Debug|Any CPU.ActiveCfg = Debug|Any CPU
		{B9A4985F-7064-4F37-88BA-463E76BC5901}.Debug|Any CPU.Build.0 = Debug|Any CPU
		{B9A4985F-7064-4F37-88BA-463E76BC5901}.Release|Any CPU.ActiveCfg = Release|Any CPU
		{B9A4985F-7064-4F37-88BA-463E76BC5901}.Release|Any CPU.Build.0 = Release|Any CPU
		{F2870561-4A42-4C2C-8D35-E800D824F075}.Debug|Any CPU.ActiveCfg = Debug|Any CPU
		{F2870561-4A42-4C2C-8D35-E800D824F075}.Debug|Any CPU.Build.0 = Debug|Any CPU
		{F2870561-4A42-4C2C-8D35-E800D824F075}.Release|Any CPU.ActiveCfg = Release|Any CPU
		{F2870561-4A42-4C2C-8D35-E800D824F075}.Release|Any CPU.Build.0 = Release|Any CPU
		{D9694CFF-535D-402D-ACA8-CDECC448D1BD}.Debug|Any CPU.ActiveCfg = Debug|Any CPU
		{D9694CFF-535D-402D-ACA8-CDECC448D1BD}.Debug|Any CPU.Build.0 = Debug|Any CPU
		{D9694CFF-535D-402D-ACA8-CDECC448D1BD}.Release|Any CPU.ActiveCfg = Release|Any CPU
		{D9694CFF-535D-402D-ACA8-CDECC448D1BD}.Release|Any CPU.Build.0 = Release|Any CPU
		{2824C5EB-B1D4-4EFC-A392-29DFA9E3F147}.Debug|Any CPU.ActiveCfg = Debug|Any CPU
		{2824C5EB-B1D4-4EFC-A392-29DFA9E3F147}.Debug|Any CPU.Build.0 = Debug|Any CPU
		{2824C5EB-B1D4-4EFC-A392-29DFA9E3F147}.Release|Any CPU.ActiveCfg = Release|Any CPU
		{2824C5EB-B1D4-4EFC-A392-29DFA9E3F147}.Release|Any CPU.Build.0 = Release|Any CPU
		{F0AD93D8-06A7-4A70-BCFE-4ED1EA6E8077}.Debug|Any CPU.ActiveCfg = Debug|Any CPU
		{F0AD93D8-06A7-4A70-BCFE-4ED1EA6E8077}.Debug|Any CPU.Build.0 = Debug|Any CPU
		{F0AD93D8-06A7-4A70-BCFE-4ED1EA6E8077}.Release|Any CPU.ActiveCfg = Release|Any CPU
		{F0AD93D8-06A7-4A70-BCFE-4ED1EA6E8077}.Release|Any CPU.Build.0 = Release|Any CPU
		{977956BF-EB39-4441-BDCA-B01EE7752EE0}.Debug|Any CPU.ActiveCfg = Debug|Any CPU
		{977956BF-EB39-4441-BDCA-B01EE7752EE0}.Debug|Any CPU.Build.0 = Debug|Any CPU
		{977956BF-EB39-4441-BDCA-B01EE7752EE0}.Release|Any CPU.ActiveCfg = Release|Any CPU
		{977956BF-EB39-4441-BDCA-B01EE7752EE0}.Release|Any CPU.Build.0 = Release|Any CPU
		{7ACDDB0E-3A47-42AF-A3B8-089F65A628D2}.Debug|Any CPU.ActiveCfg = Debug|Any CPU
		{7ACDDB0E-3A47-42AF-A3B8-089F65A628D2}.Debug|Any CPU.Build.0 = Debug|Any CPU
		{7ACDDB0E-3A47-42AF-A3B8-089F65A628D2}.Release|Any CPU.ActiveCfg = Release|Any CPU
		{7ACDDB0E-3A47-42AF-A3B8-089F65A628D2}.Release|Any CPU.Build.0 = Release|Any CPU
		{97EB07E4-1EBD-4B46-8854-82B79E3A2C35}.Debug|Any CPU.ActiveCfg = Debug|Any CPU
		{97EB07E4-1EBD-4B46-8854-82B79E3A2C35}.Debug|Any CPU.Build.0 = Debug|Any CPU
		{97EB07E4-1EBD-4B46-8854-82B79E3A2C35}.Release|Any CPU.ActiveCfg = Release|Any CPU
		{97EB07E4-1EBD-4B46-8854-82B79E3A2C35}.Release|Any CPU.Build.0 = Release|Any CPU
		{E2D9CC7C-986D-492C-9895-176AE998CCE2}.Debug|Any CPU.ActiveCfg = Debug|Any CPU
		{E2D9CC7C-986D-492C-9895-176AE998CCE2}.Debug|Any CPU.Build.0 = Debug|Any CPU
		{E2D9CC7C-986D-492C-9895-176AE998CCE2}.Release|Any CPU.ActiveCfg = Release|Any CPU
		{E2D9CC7C-986D-492C-9895-176AE998CCE2}.Release|Any CPU.Build.0 = Release|Any CPU
		{5E7F586B-9663-45F8-A738-E70770C15039}.Debug|Any CPU.ActiveCfg = Debug|Any CPU
		{5E7F586B-9663-45F8-A738-E70770C15039}.Debug|Any CPU.Build.0 = Debug|Any CPU
		{5E7F586B-9663-45F8-A738-E70770C15039}.Release|Any CPU.ActiveCfg = Release|Any CPU
		{5E7F586B-9663-45F8-A738-E70770C15039}.Release|Any CPU.Build.0 = Release|Any CPU
	EndGlobalSection
EndGlobal
